
Microsoft Visual Studio Solution File, Format Version 12.00
# Visual Studio Version 16
VisualStudioVersion = 16.0.29709.97
MinimumVisualStudioVersion = 10.0.40219.1
Project("{FAE04EC0-301F-11D3-BF4B-00C04F79EFBC}") = "BanazOtomotiv", "BanazOtomotiv.csproj", "{7F3BA75C-5B77-4ED6-B5A4-92FB8E2CCCBA}"
EndProject
Global
	GlobalSection(SolutionConfigurationPlatforms) = preSolution
		Debug|Any CPU = Debug|Any CPU
		Release|Any CPU = Release|Any CPU
	EndGlobalSection
	GlobalSection(ProjectConfigurationPlatforms) = postSolution
		{7F3BA75C-5B77-4ED6-B5A4-92FB8E2CCCBA}.Debug|Any CPU.ActiveCfg = Debug|Any CPU
		{7F3BA75C-5B77-4ED6-B5A4-92FB8E2CCCBA}.Debug|Any CPU.Build.0 = Debug|Any CPU
		{7F3BA75C-5B77-4ED6-B5A4-92FB8E2CCCBA}.Release|Any CPU.ActiveCfg = Release|Any CPU
		{7F3BA75C-5B77-4ED6-B5A4-92FB8E2CCCBA}.Release|Any CPU.Build.0 = Release|Any CPU
	EndGlobalSection
	GlobalSection(SolutionProperties) = preSolution
		HideSolutionNode = FALSE
	EndGlobalSection
	GlobalSection(ExtensibilityGlobals) = postSolution
		SolutionGuid = {2C2754C7-208C-4A4E-A523-AD5C830F5360}
	EndGlobalSection
EndGlobal
